
Microsoft Visual Studio Solution File, Format Version 12.00
# Visual Studio Version 16
VisualStudioVersion = 16.0.29806.167
MinimumVisualStudioVersion = 10.0.40219.1
Project("{9A19103F-16F7-4668-BE54-9A1E7A4F7556}") = "Opc.Ua.Core", "Stack\Opc.Ua.Core\Opc.Ua.Core.csproj", "{D918C0F6-39BD-4ED0-8323-E5A2EB9A85DA}"
EndProject
Project("{9A19103F-16F7-4668-BE54-9A1E7A4F7556}") = "Opc.Ua.PubSub.UDPTransportDataSource", "Opc.Ua.PubSub.UDPTransportDataSource\Opc.Ua.PubSub.UDPTransportDataSource.csproj", "{5BF28E82-2091-43D4-BCBB-46956D8628AD}"
EndProject
Project("{9A19103F-16F7-4668-BE54-9A1E7A4F7556}") = "Opc.Ua.PubSub.MQTTTransportDataSource", "Opc.Ua.PubSub.MQTTTransportDataSource\Opc.Ua.PubSub.MQTTTransportDataSource.csproj", "{EC9DD90E-8C26-4AAC-95E6-238D182611EA}"
EndProject
Project("{9A19103F-16F7-4668-BE54-9A1E7A4F7556}") = "Opc.Ua.PubSub.AMQPTransportDataSource", "Opc.Ua.PubSub.AMQPTransportDataSource\Opc.Ua.PubSub.AMQPTransportDataSource.csproj", "{920E5498-0C41-4C33-917C-198B7834EEC2}"
EndProject
Project("{2150E333-8FDC-42A3-9474-1A3956D46DE8}") = "Stack", "Stack", "{A56B3061-DC86-4734-9BD6-F5379EA8E631}"
EndProject
Project("{9A19103F-16F7-4668-BE54-9A1E7A4F7556}") = "PMIE.PubSubOpcUaServer", "PMIE.PubSubOpcUaServer\PMIE.PubSubOpcUaServer.csproj", "{0B9A0BBD-7DB3-4999-BDE7-5A0819FE5579}"
EndProject
Project("{9A19103F-16F7-4668-BE54-9A1E7A4F7556}") = "Opc.Ua.PubSub", "Opc.Ua.PubSub\Opc.Ua.PubSub.csproj", "{EEEAC2F6-F725-49A7-B2CE-C41DD9D14FDD}"
EndProject
Project("{9A19103F-16F7-4668-BE54-9A1E7A4F7556}") = "Opc.Ua.Client", "Stack\Opc.Ua.Client\Opc.Ua.Client.csproj", "{14845C67-89C9-46B8-AAB2-3FD6920F155A}"
EndProject
Project("{9A19103F-16F7-4668-BE54-9A1E7A4F7556}") = "Opc.Ua.Configuration", "Stack\Opc.Ua.Configuration\Opc.Ua.Configuration.csproj", "{937D6F82-47A2-4932-BADC-20EB0645BA04}"
EndProject
Project("{9A19103F-16F7-4668-BE54-9A1E7A4F7556}") = "Opc.Ua.Server", "Stack\Opc.Ua.Server\Opc.Ua.Server.csproj", "{9D7248FE-D701-4A9E-8F5E-BF1499F6C567}"
EndProject
Project("{2150E333-8FDC-42A3-9474-1A3956D46DE8}") = "PubSub", "PubSub", "{B57A7095-2FE3-4CEA-9EE4-BF959DEF2FEA}"
EndProject
Project("{2150E333-8FDC-42A3-9474-1A3956D46DE8}") = "ExternalLibraries", "ExternalLibraries", "{5FD136D9-B1A5-48CA-8A79-410C8A501597}"
EndProject
Project("{9A19103F-16F7-4668-BE54-9A1E7A4F7556}") = "Microsoft.Extensions.Logging.Mqtt", "Microsoft.Extensions.Logging.Mqtt\Microsoft.Extensions.Logging.Mqtt.csproj", "{270D575B-B9BA-4D66-ACD9-F563BCB92DF6}"
EndProject
Global
	GlobalSection(SolutionConfigurationPlatforms) = preSolution
		Debug|Any CPU = Debug|Any CPU
		Debug|x64 = Debug|x64
		Debug|x86 = Debug|x86
		Release|Any CPU = Release|Any CPU
		Release|x64 = Release|x64
		Release|x86 = Release|x86
	EndGlobalSection
	GlobalSection(ProjectConfigurationPlatforms) = postSolution
		{D918C0F6-39BD-4ED0-8323-E5A2EB9A85DA}.Debug|Any CPU.ActiveCfg = Debug|Any CPU
		{D918C0F6-39BD-4ED0-8323-E5A2EB9A85DA}.Debug|Any CPU.Build.0 = Debug|Any CPU
		{D918C0F6-39BD-4ED0-8323-E5A2EB9A85DA}.Debug|x64.ActiveCfg = Debug|Any CPU
		{D918C0F6-39BD-4ED0-8323-E5A2EB9A85DA}.Debug|x64.Build.0 = Debug|Any CPU
		{D918C0F6-39BD-4ED0-8323-E5A2EB9A85DA}.Debug|x86.ActiveCfg = Debug|Any CPU
		{D918C0F6-39BD-4ED0-8323-E5A2EB9A85DA}.Debug|x86.Build.0 = Debug|Any CPU
		{D918C0F6-39BD-4ED0-8323-E5A2EB9A85DA}.Release|Any CPU.ActiveCfg = Release|Any CPU
		{D918C0F6-39BD-4ED0-8323-E5A2EB9A85DA}.Release|Any CPU.Build.0 = Release|Any CPU
		{D918C0F6-39BD-4ED0-8323-E5A2EB9A85DA}.Release|x64.ActiveCfg = Release|Any CPU
		{D918C0F6-39BD-4ED0-8323-E5A2EB9A85DA}.Release|x64.Build.0 = Release|Any CPU
		{D918C0F6-39BD-4ED0-8323-E5A2EB9A85DA}.Release|x86.ActiveCfg = Release|Any CPU
		{D918C0F6-39BD-4ED0-8323-E5A2EB9A85DA}.Release|x86.Build.0 = Release|Any CPU
		{5BF28E82-2091-43D4-BCBB-46956D8628AD}.Debug|Any CPU.ActiveCfg = Debug|Any CPU
		{5BF28E82-2091-43D4-BCBB-46956D8628AD}.Debug|Any CPU.Build.0 = Debug|Any CPU
		{5BF28E82-2091-43D4-BCBB-46956D8628AD}.Debug|x64.ActiveCfg = Debug|Any CPU
		{5BF28E82-2091-43D4-BCBB-46956D8628AD}.Debug|x64.Build.0 = Debug|Any CPU
		{5BF28E82-2091-43D4-BCBB-46956D8628AD}.Debug|x86.ActiveCfg = Debug|Any CPU
		{5BF28E82-2091-43D4-BCBB-46956D8628AD}.Debug|x86.Build.0 = Debug|Any CPU
		{5BF28E82-2091-43D4-BCBB-46956D8628AD}.Release|Any CPU.ActiveCfg = Release|Any CPU
		{5BF28E82-2091-43D4-BCBB-46956D8628AD}.Release|Any CPU.Build.0 = Release|Any CPU
		{5BF28E82-2091-43D4-BCBB-46956D8628AD}.Release|x64.ActiveCfg = Release|Any CPU
		{5BF28E82-2091-43D4-BCBB-46956D8628AD}.Release|x64.Build.0 = Release|Any CPU
		{5BF28E82-2091-43D4-BCBB-46956D8628AD}.Release|x86.ActiveCfg = Release|Any CPU
		{5BF28E82-2091-43D4-BCBB-46956D8628AD}.Release|x86.Build.0 = Release|Any CPU
		{EC9DD90E-8C26-4AAC-95E6-238D182611EA}.Debug|Any CPU.ActiveCfg = Debug|Any CPU
		{EC9DD90E-8C26-4AAC-95E6-238D182611EA}.Debug|Any CPU.Build.0 = Debug|Any CPU
		{EC9DD90E-8C26-4AAC-95E6-238D182611EA}.Debug|x64.ActiveCfg = Debug|Any CPU
		{EC9DD90E-8C26-4AAC-95E6-238D182611EA}.Debug|x64.Build.0 = Debug|Any CPU
		{EC9DD90E-8C26-4AAC-95E6-238D182611EA}.Debug|x86.ActiveCfg = Debug|Any CPU
		{EC9DD90E-8C26-4AAC-95E6-238D182611EA}.Debug|x86.Build.0 = Debug|Any CPU
		{EC9DD90E-8C26-4AAC-95E6-238D182611EA}.Release|Any CPU.ActiveCfg = Release|Any CPU
		{EC9DD90E-8C26-4AAC-95E6-238D182611EA}.Release|Any CPU.Build.0 = Release|Any CPU
		{EC9DD90E-8C26-4AAC-95E6-238D182611EA}.Release|x64.ActiveCfg = Release|Any CPU
		{EC9DD90E-8C26-4AAC-95E6-238D182611EA}.Release|x64.Build.0 = Release|Any CPU
		{EC9DD90E-8C26-4AAC-95E6-238D182611EA}.Release|x86.ActiveCfg = Release|Any CPU
		{EC9DD90E-8C26-4AAC-95E6-238D182611EA}.Release|x86.Build.0 = Release|Any CPU
		{920E5498-0C41-4C33-917C-198B7834EEC2}.Debug|Any CPU.ActiveCfg = Debug|Any CPU
		{920E5498-0C41-4C33-917C-198B7834EEC2}.Debug|Any CPU.Build.0 = Debug|Any CPU
		{920E5498-0C41-4C33-917C-198B7834EEC2}.Debug|x64.ActiveCfg = Debug|Any CPU
		{920E5498-0C41-4C33-917C-198B7834EEC2}.Debug|x64.Build.0 = Debug|Any CPU
		{920E5498-0C41-4C33-917C-198B7834EEC2}.Debug|x86.ActiveCfg = Debug|Any CPU
		{920E5498-0C41-4C33-917C-198B7834EEC2}.Debug|x86.Build.0 = Debug|Any CPU
		{920E5498-0C41-4C33-917C-198B7834EEC2}.Release|Any CPU.ActiveCfg = Release|Any CPU
		{920E5498-0C41-4C33-917C-198B7834EEC2}.Release|Any CPU.Build.0 = Release|Any CPU
		{920E5498-0C41-4C33-917C-198B7834EEC2}.Release|x64.ActiveCfg = Release|Any CPU
		{920E5498-0C41-4C33-917C-198B7834EEC2}.Release|x64.Build.0 = Release|Any CPU
		{920E5498-0C41-4C33-917C-198B7834EEC2}.Release|x86.ActiveCfg = Release|Any CPU
		{920E5498-0C41-4C33-917C-198B7834EEC2}.Release|x86.Build.0 = Release|Any CPU
		{0B9A0BBD-7DB3-4999-BDE7-5A0819FE5579}.Debug|Any CPU.ActiveCfg = Debug|Any CPU
		{0B9A0BBD-7DB3-4999-BDE7-5A0819FE5579}.Debug|Any CPU.Build.0 = Debug|Any CPU
		{0B9A0BBD-7DB3-4999-BDE7-5A0819FE5579}.Debug|x64.ActiveCfg = Debug|Any CPU
		{0B9A0BBD-7DB3-4999-BDE7-5A0819FE5579}.Debug|x64.Build.0 = Debug|Any CPU
		{0B9A0BBD-7DB3-4999-BDE7-5A0819FE5579}.Debug|x86.ActiveCfg = Debug|Any CPU
		{0B9A0BBD-7DB3-4999-BDE7-5A0819FE5579}.Debug|x86.Build.0 = Debug|Any CPU
		{0B9A0BBD-7DB3-4999-BDE7-5A0819FE5579}.Release|Any CPU.ActiveCfg = Release|Any CPU
		{0B9A0BBD-7DB3-4999-BDE7-5A0819FE5579}.Release|Any CPU.Build.0 = Release|Any CPU
		{0B9A0BBD-7DB3-4999-BDE7-5A0819FE5579}.Release|x64.ActiveCfg = Release|Any CPU
		{0B9A0BBD-7DB3-4999-BDE7-5A0819FE5579}.Release|x64.Build.0 = Release|Any CPU
		{0B9A0BBD-7DB3-4999-BDE7-5A0819FE5579}.Release|x86.ActiveCfg = Release|Any CPU
		{0B9A0BBD-7DB3-4999-BDE7-5A0819FE5579}.Release|x86.Build.0 = Release|Any CPU
		{EEEAC2F6-F725-49A7-B2CE-C41DD9D14FDD}.Debug|Any CPU.ActiveCfg = Debug|Any CPU
		{EEEAC2F6-F725-49A7-B2CE-C41DD9D14FDD}.Debug|Any CPU.Build.0 = Debug|Any CPU
		{EEEAC2F6-F725-49A7-B2CE-C41DD9D14FDD}.Debug|x64.ActiveCfg = Debug|Any CPU
		{EEEAC2F6-F725-49A7-B2CE-C41DD9D14FDD}.Debug|x64.Build.0 = Debug|Any CPU
		{EEEAC2F6-F725-49A7-B2CE-C41DD9D14FDD}.Debug|x86.ActiveCfg = Debug|Any CPU
		{EEEAC2F6-F725-49A7-B2CE-C41DD9D14FDD}.Debug|x86.Build.0 = Debug|Any CPU
		{EEEAC2F6-F725-49A7-B2CE-C41DD9D14FDD}.Release|Any CPU.ActiveCfg = Release|Any CPU
		{EEEAC2F6-F725-49A7-B2CE-C41DD9D14FDD}.Release|Any CPU.Build.0 = Release|Any CPU
		{EEEAC2F6-F725-49A7-B2CE-C41DD9D14FDD}.Release|x64.ActiveCfg = Release|Any CPU
		{EEEAC2F6-F725-49A7-B2CE-C41DD9D14FDD}.Release|x64.Build.0 = Release|Any CPU
		{EEEAC2F6-F725-49A7-B2CE-C41DD9D14FDD}.Release|x86.ActiveCfg = Release|Any CPU
		{EEEAC2F6-F725-49A7-B2CE-C41DD9D14FDD}.Release|x86.Build.0 = Release|Any CPU
		{14845C67-89C9-46B8-AAB2-3FD6920F155A}.Debug|Any CPU.ActiveCfg = Debug|Any CPU
		{14845C67-89C9-46B8-AAB2-3FD6920F155A}.Debug|Any CPU.Build.0 = Debug|Any CPU
		{14845C67-89C9-46B8-AAB2-3FD6920F155A}.Debug|x64.ActiveCfg = Debug|Any CPU
		{14845C67-89C9-46B8-AAB2-3FD6920F155A}.Debug|x64.Build.0 = Debug|Any CPU
		{14845C67-89C9-46B8-AAB2-3FD6920F155A}.Debug|x86.ActiveCfg = Debug|Any CPU
		{14845C67-89C9-46B8-AAB2-3FD6920F155A}.Debug|x86.Build.0 = Debug|Any CPU
		{14845C67-89C9-46B8-AAB2-3FD6920F155A}.Release|Any CPU.ActiveCfg = Release|Any CPU
		{14845C67-89C9-46B8-AAB2-3FD6920F155A}.Release|Any CPU.Build.0 = Release|Any CPU
		{14845C67-89C9-46B8-AAB2-3FD6920F155A}.Release|x64.ActiveCfg = Release|Any CPU
		{14845C67-89C9-46B8-AAB2-3FD6920F155A}.Release|x64.Build.0 = Release|Any CPU
		{14845C67-89C9-46B8-AAB2-3FD6920F155A}.Release|x86.ActiveCfg = Release|Any CPU
		{14845C67-89C9-46B8-AAB2-3FD6920F155A}.Release|x86.Build.0 = Release|Any CPU
		{937D6F82-47A2-4932-BADC-20EB0645BA04}.Debug|Any CPU.ActiveCfg = Debug|Any CPU
		{937D6F82-47A2-4932-BADC-20EB0645BA04}.Debug|Any CPU.Build.0 = Debug|Any CPU
		{937D6F82-47A2-4932-BADC-20EB0645BA04}.Debug|x64.ActiveCfg = Debug|Any CPU
		{937D6F82-47A2-4932-BADC-20EB0645BA04}.Debug|x64.Build.0 = Debug|Any CPU
		{937D6F82-47A2-4932-BADC-20EB0645BA04}.Debug|x86.ActiveCfg = Debug|Any CPU
		{937D6F82-47A2-4932-BADC-20EB0645BA04}.Debug|x86.Build.0 = Debug|Any CPU
		{937D6F82-47A2-4932-BADC-20EB0645BA04}.Release|Any CPU.ActiveCfg = Release|Any CPU
		{937D6F82-47A2-4932-BADC-20EB0645BA04}.Release|Any CPU.Build.0 = Release|Any CPU
		{937D6F82-47A2-4932-BADC-20EB0645BA04}.Release|x64.ActiveCfg = Release|Any CPU
		{937D6F82-47A2-4932-BADC-20EB0645BA04}.Release|x64.Build.0 = Release|Any CPU
		{937D6F82-47A2-4932-BADC-20EB0645BA04}.Release|x86.ActiveCfg = Release|Any CPU
		{937D6F82-47A2-4932-BADC-20EB0645BA04}.Release|x86.Build.0 = Release|Any CPU
		{9D7248FE-D701-4A9E-8F5E-BF1499F6C567}.Debug|Any CPU.ActiveCfg = Debug|Any CPU
		{9D7248FE-D701-4A9E-8F5E-BF1499F6C567}.Debug|Any CPU.Build.0 = Debug|Any CPU
		{9D7248FE-D701-4A9E-8F5E-BF1499F6C567}.Debug|x64.ActiveCfg = Debug|Any CPU
		{9D7248FE-D701-4A9E-8F5E-BF1499F6C567}.Debug|x64.Build.0 = Debug|Any CPU
		{9D7248FE-D701-4A9E-8F5E-BF1499F6C567}.Debug|x86.ActiveCfg = Debug|Any CPU
		{9D7248FE-D701-4A9E-8F5E-BF1499F6C567}.Debug|x86.Build.0 = Debug|Any CPU
		{9D7248FE-D701-4A9E-8F5E-BF1499F6C567}.Release|Any CPU.ActiveCfg = Release|Any CPU
		{9D7248FE-D701-4A9E-8F5E-BF1499F6C567}.Release|Any CPU.Build.0 = Release|Any CPU
		{9D7248FE-D701-4A9E-8F5E-BF1499F6C567}.Release|x64.ActiveCfg = Release|Any CPU
		{9D7248FE-D701-4A9E-8F5E-BF1499F6C567}.Release|x64.Build.0 = Release|Any CPU
		{9D7248FE-D701-4A9E-8F5E-BF1499F6C567}.Release|x86.ActiveCfg = Release|Any CPU
		{9D7248FE-D701-4A9E-8F5E-BF1499F6C567}.Release|x86.Build.0 = Release|Any CPU
		{270D575B-B9BA-4D66-ACD9-F563BCB92DF6}.Debug|Any CPU.ActiveCfg = Debug|Any CPU
		{270D575B-B9BA-4D66-ACD9-F563BCB92DF6}.Debug|Any CPU.Build.0 = Debug|Any CPU
		{270D575B-B9BA-4D66-ACD9-F563BCB92DF6}.Debug|x64.ActiveCfg = Debug|Any CPU
		{270D575B-B9BA-4D66-ACD9-F563BCB92DF6}.Debug|x64.Build.0 = Debug|Any CPU
		{270D575B-B9BA-4D66-ACD9-F563BCB92DF6}.Debug|x86.ActiveCfg = Debug|Any CPU
		{270D575B-B9BA-4D66-ACD9-F563BCB92DF6}.Debug|x86.Build.0 = Debug|Any CPU
		{270D575B-B9BA-4D66-ACD9-F563BCB92DF6}.Release|Any CPU.ActiveCfg = Release|Any CPU
		{270D575B-B9BA-4D66-ACD9-F563BCB92DF6}.Release|Any CPU.Build.0 = Release|Any CPU
		{270D575B-B9BA-4D66-ACD9-F563BCB92DF6}.Release|x64.ActiveCfg = Release|Any CPU
		{270D575B-B9BA-4D66-ACD9-F563BCB92DF6}.Release|x64.Build.0 = Release|Any CPU
		{270D575B-B9BA-4D66-ACD9-F563BCB92DF6}.Release|x86.ActiveCfg = Release|Any CPU
		{270D575B-B9BA-4D66-ACD9-F563BCB92DF6}.Release|x86.Build.0 = Release|Any CPU
	EndGlobalSection
	GlobalSection(SolutionProperties) = preSolution
		HideSolutionNode = FALSE
	EndGlobalSection
	GlobalSection(NestedProjects) = preSolution
		{D918C0F6-39BD-4ED0-8323-E5A2EB9A85DA} = {A56B3061-DC86-4734-9BD6-F5379EA8E631}
		{5BF28E82-2091-43D4-BCBB-46956D8628AD} = {B57A7095-2FE3-4CEA-9EE4-BF959DEF2FEA}
		{EC9DD90E-8C26-4AAC-95E6-238D182611EA} = {B57A7095-2FE3-4CEA-9EE4-BF959DEF2FEA}
		{920E5498-0C41-4C33-917C-198B7834EEC2} = {B57A7095-2FE3-4CEA-9EE4-BF959DEF2FEA}
		{EEEAC2F6-F725-49A7-B2CE-C41DD9D14FDD} = {B57A7095-2FE3-4CEA-9EE4-BF959DEF2FEA}
		{14845C67-89C9-46B8-AAB2-3FD6920F155A} = {A56B3061-DC86-4734-9BD6-F5379EA8E631}
		{937D6F82-47A2-4932-BADC-20EB0645BA04} = {A56B3061-DC86-4734-9BD6-F5379EA8E631}
		{9D7248FE-D701-4A9E-8F5E-BF1499F6C567} = {A56B3061-DC86-4734-9BD6-F5379EA8E631}
		{270D575B-B9BA-4D66-ACD9-F563BCB92DF6} = {5FD136D9-B1A5-48CA-8A79-410C8A501597}
	EndGlobalSection
	GlobalSection(ExtensibilityGlobals) = postSolution
		SolutionGuid = {33FA5BCB-C827-4D44-AECF-F51342DFE64A}
	EndGlobalSection
EndGlobal
